
Microsoft Visual Studio Solution File, Format Version 12.00
# Visual Studio Version 16
VisualStudioVersion = 16.0.30330.147
MinimumVisualStudioVersion = 10.0.40219.1
Project("{FAE04EC0-301F-11D3-BF4B-00C04F79EFBC}") = "PedraPapelTesoura", "PedraPapelTesoura.csproj", "{02D4A2AF-34BC-441A-8336-F4AEE8A3F00C}"
EndProject
Global
	GlobalSection(SolutionConfigurationPlatforms) = preSolution
		Debug|Any CPU = Debug|Any CPU
		Release|Any CPU = Release|Any CPU
	EndGlobalSection
	GlobalSection(ProjectConfigurationPlatforms) = postSolution
		{02D4A2AF-34BC-441A-8336-F4AEE8A3F00C}.Debug|Any CPU.ActiveCfg = Debug|Any CPU
		{02D4A2AF-34BC-441A-8336-F4AEE8A3F00C}.Debug|Any CPU.Build.0 = Debug|Any CPU
		{02D4A2AF-34BC-441A-8336-F4AEE8A3F00C}.Release|Any CPU.ActiveCfg = Release|Any CPU
		{02D4A2AF-34BC-441A-8336-F4AEE8A3F00C}.Release|Any CPU.Build.0 = Release|Any CPU
	EndGlobalSection
	GlobalSection(SolutionProperties) = preSolution
		HideSolutionNode = FALSE
	EndGlobalSection
	GlobalSection(ExtensibilityGlobals) = postSolution
		SolutionGuid = {28EB657C-3914-41A9-89EF-52A94B69490F}
	EndGlobalSection
EndGlobal
